
Microsoft Visual Studio Solution File, Format Version 11.00
# Visual Studio 2010
Project("{FAE04EC0-301F-11D3-BF4B-00C04F79EFBC}") = "NScriptW", "nscriptw\NScriptW.csproj", "{FE287167-1309-43EE-B898-8E9969F63D26}"
EndProject
Project("{FAE04EC0-301F-11D3-BF4B-00C04F79EFBC}") = "NScript", "nscript\NScript.csproj", "{1624B82E-9813-4C8C-BDC7-1886E79DA482}"
EndProject
Global
	GlobalSection(SolutionConfigurationPlatforms) = preSolution
		Debug|Any CPU = Debug|Any CPU
		Release|Any CPU = Release|Any CPU
	EndGlobalSection
	GlobalSection(ProjectConfigurationPlatforms) = postSolution
		{FE287167-1309-43EE-B898-8E9969F63D26}.Debug|Any CPU.ActiveCfg = Debug|Any CPU
		{FE287167-1309-43EE-B898-8E9969F63D26}.Debug|Any CPU.Build.0 = Debug|Any CPU
		{FE287167-1309-43EE-B898-8E9969F63D26}.Release|Any CPU.ActiveCfg = Release|Any CPU
		{FE287167-1309-43EE-B898-8E9969F63D26}.Release|Any CPU.Build.0 = Release|Any CPU
		{1624B82E-9813-4C8C-BDC7-1886E79DA482}.Debug|Any CPU.ActiveCfg = Debug|Any CPU
		{1624B82E-9813-4C8C-BDC7-1886E79DA482}.Debug|Any CPU.Build.0 = Debug|Any CPU
		{1624B82E-9813-4C8C-BDC7-1886E79DA482}.Release|Any CPU.ActiveCfg = Release|Any CPU
		{1624B82E-9813-4C8C-BDC7-1886E79DA482}.Release|Any CPU.Build.0 = Release|Any CPU
	EndGlobalSection
	GlobalSection(SolutionProperties) = preSolution
		HideSolutionNode = FALSE
	EndGlobalSection
EndGlobal
